
Microsoft Visual Studio Solution File, Format Version 12.00
# Visual Studio Version 17
VisualStudioVersion = 17.7.34221.43
MinimumVisualStudioVersion = 10.0.40219.1
Project("{9A19103F-16F7-4668-BE54-9A1E7A4F7556}") = "TelegramClient", "TelegramClient.csproj", "{55E291C3-D158-4263-A066-2A88A3ADD2C6}"
EndProject
Project("{9A19103F-16F7-4668-BE54-9A1E7A4F7556}") = "TelegramServer", "..\TelegramServer\TelegramServer.csproj", "{9B7506AF-9C9B-40A5-8008-6429F22F4582}"
EndProject
Global
	GlobalSection(SolutionConfigurationPlatforms) = preSolution
		Debug|Any CPU = Debug|Any CPU
		Release|Any CPU = Release|Any CPU
	EndGlobalSection
	GlobalSection(ProjectConfigurationPlatforms) = postSolution
		{55E291C3-D158-4263-A066-2A88A3ADD2C6}.Debug|Any CPU.ActiveCfg = Debug|Any CPU
		{55E291C3-D158-4263-A066-2A88A3ADD2C6}.Debug|Any CPU.Build.0 = Debug|Any CPU
		{55E291C3-D158-4263-A066-2A88A3ADD2C6}.Release|Any CPU.ActiveCfg = Release|Any CPU
		{55E291C3-D158-4263-A066-2A88A3ADD2C6}.Release|Any CPU.Build.0 = Release|Any CPU
		{9B7506AF-9C9B-40A5-8008-6429F22F4582}.Debug|Any CPU.ActiveCfg = Debug|Any CPU
		{9B7506AF-9C9B-40A5-8008-6429F22F4582}.Debug|Any CPU.Build.0 = Debug|Any CPU
		{9B7506AF-9C9B-40A5-8008-6429F22F4582}.Release|Any CPU.ActiveCfg = Release|Any CPU
		{9B7506AF-9C9B-40A5-8008-6429F22F4582}.Release|Any CPU.Build.0 = Release|Any CPU
	EndGlobalSection
	GlobalSection(SolutionProperties) = preSolution
		HideSolutionNode = FALSE
	EndGlobalSection
	GlobalSection(ExtensibilityGlobals) = postSolution
		SolutionGuid = {D3CBF0AE-05A1-43B9-9D6F-6F0CCAAEC21C}
	EndGlobalSection
EndGlobal
